
Microsoft Visual Studio Solution File, Format Version 12.00
# Visual Studio Version 17
VisualStudioVersion = 17.9.34622.214
MinimumVisualStudioVersion = 10.0.40219.1
Project("{9A19103F-16F7-4668-BE54-9A1E7A4F7556}") = "SilenceChatClient", "SilenceChat\SilenceChatClient.csproj", "{497D4AE6-9514-4BAD-A6BA-6A7BF78B24CC}"
EndProject
Project("{9A19103F-16F7-4668-BE54-9A1E7A4F7556}") = "SilenceChatServeur", "SilenceChatServeur\SilenceChatServeur.csproj", "{5527721D-18A4-4052-8ABD-AAB269D4E0E3}"
EndProject
Global
	GlobalSection(SolutionConfigurationPlatforms) = preSolution
		Debug|Any CPU = Debug|Any CPU
		Debug|x64 = Debug|x64
		Release|Any CPU = Release|Any CPU
		Release|x64 = Release|x64
		test|Any CPU = test|Any CPU
		test|x64 = test|x64
	EndGlobalSection
	GlobalSection(ProjectConfigurationPlatforms) = postSolution
		{497D4AE6-9514-4BAD-A6BA-6A7BF78B24CC}.Debug|Any CPU.ActiveCfg = Debug|Any CPU
		{497D4AE6-9514-4BAD-A6BA-6A7BF78B24CC}.Debug|Any CPU.Build.0 = Debug|Any CPU
		{497D4AE6-9514-4BAD-A6BA-6A7BF78B24CC}.Debug|x64.ActiveCfg = Debug|x64
		{497D4AE6-9514-4BAD-A6BA-6A7BF78B24CC}.Debug|x64.Build.0 = Debug|x64
		{497D4AE6-9514-4BAD-A6BA-6A7BF78B24CC}.Release|Any CPU.ActiveCfg = Release|Any CPU
		{497D4AE6-9514-4BAD-A6BA-6A7BF78B24CC}.Release|Any CPU.Build.0 = Release|Any CPU
		{497D4AE6-9514-4BAD-A6BA-6A7BF78B24CC}.Release|x64.ActiveCfg = Release|x64
		{497D4AE6-9514-4BAD-A6BA-6A7BF78B24CC}.Release|x64.Build.0 = Release|x64
		{497D4AE6-9514-4BAD-A6BA-6A7BF78B24CC}.test|Any CPU.ActiveCfg = test|Any CPU
		{497D4AE6-9514-4BAD-A6BA-6A7BF78B24CC}.test|Any CPU.Build.0 = test|Any CPU
		{497D4AE6-9514-4BAD-A6BA-6A7BF78B24CC}.test|x64.ActiveCfg = test|x64
		{497D4AE6-9514-4BAD-A6BA-6A7BF78B24CC}.test|x64.Build.0 = test|x64
		{5527721D-18A4-4052-8ABD-AAB269D4E0E3}.Debug|Any CPU.ActiveCfg = Debug|Any CPU
		{5527721D-18A4-4052-8ABD-AAB269D4E0E3}.Debug|Any CPU.Build.0 = Debug|Any CPU
		{5527721D-18A4-4052-8ABD-AAB269D4E0E3}.Debug|x64.ActiveCfg = Debug|x64
		{5527721D-18A4-4052-8ABD-AAB269D4E0E3}.Debug|x64.Build.0 = Debug|x64
		{5527721D-18A4-4052-8ABD-AAB269D4E0E3}.Release|Any CPU.ActiveCfg = Release|Any CPU
		{5527721D-18A4-4052-8ABD-AAB269D4E0E3}.Release|Any CPU.Build.0 = Release|Any CPU
		{5527721D-18A4-4052-8ABD-AAB269D4E0E3}.Release|x64.ActiveCfg = Release|x64
		{5527721D-18A4-4052-8ABD-AAB269D4E0E3}.Release|x64.Build.0 = Release|x64
		{5527721D-18A4-4052-8ABD-AAB269D4E0E3}.test|Any CPU.ActiveCfg = test|Any CPU
		{5527721D-18A4-4052-8ABD-AAB269D4E0E3}.test|Any CPU.Build.0 = test|Any CPU
		{5527721D-18A4-4052-8ABD-AAB269D4E0E3}.test|x64.ActiveCfg = test|x64
		{5527721D-18A4-4052-8ABD-AAB269D4E0E3}.test|x64.Build.0 = test|x64
	EndGlobalSection
	GlobalSection(SolutionProperties) = preSolution
		HideSolutionNode = FALSE
	EndGlobalSection
	GlobalSection(ExtensibilityGlobals) = postSolution
		SolutionGuid = {EB40FF62-9241-4CA4-BFD3-ECDDEB294480}
	EndGlobalSection
EndGlobal
